// !$*UTF8*$!
{
	archiveVersion = 1;
	classes = {
	};
	objectVersion = 56;
	objects = {

/* Begin PBXBuildFile section */
		0A162A892AFD19AD00DF885A /* AppDelegate.swift in Sources */ = {isa = PBXBuildFile; fileRef = 0A162A882AFD19AD00DF885A /* AppDelegate.swift */; };
		0A162AC72AFD20FA00DF885A /* HomeViewController.swift in Sources */ = {isa = PBXBuildFile; fileRef = 0A162AAD2AFD20FA00DF885A /* HomeViewController.swift */; };
		0A162AC82AFD20FA00DF885A /* HomeModel.swift in Sources */ = {isa = PBXBuildFile; fileRef = 0A162AAF2AFD20FA00DF885A /* HomeModel.swift */; };
		0A162AC92AFD20FA00DF885A /* HomeView.swift in Sources */ = {isa = PBXBuildFile; fileRef = 0A162AB12AFD20FA00DF885A /* HomeView.swift */; };
		0A162AD12AFD20FA00DF885A /* ProductModel.swift in Sources */ = {isa = PBXBuildFile; fileRef = 0A162AC42AFD20FA00DF885A /* ProductModel.swift */; };
		0A162AD22AFD20FA00DF885A /* ProductView.swift in Sources */ = {isa = PBXBuildFile; fileRef = 0A162AC62AFD20FA00DF885A /* ProductView.swift */; };
		0A162AD62AFD239500DF885A /* README.md in Resources */ = {isa = PBXBuildFile; fileRef = 0A162AD52AFD239500DF885A /* README.md */; };
		0ACD9E7F2B01F31B00FE9DBA /* SnapKit in Frameworks */ = {isa = PBXBuildFile; productRef = 0ACD9E7E2B01F31B00FE9DBA /* SnapKit */; };
		0ACD9E8C2B02BF0700FE9DBA /* WelcomeViewController.swift in Sources */ = {isa = PBXBuildFile; fileRef = 0ACD9E872B02BF0700FE9DBA /* WelcomeViewController.swift */; };
		0ACD9E8D2B02BF0700FE9DBA /* WelcomeModel.swift in Sources */ = {isa = PBXBuildFile; fileRef = 0ACD9E892B02BF0700FE9DBA /* WelcomeModel.swift */; };
		0ACD9E8E2B02BF0700FE9DBA /* WelcomeView.swift in Sources */ = {isa = PBXBuildFile; fileRef = 0ACD9E8B2B02BF0700FE9DBA /* WelcomeView.swift */; };
		0ACD9E902B02BF3600FE9DBA /* SceneDelegate.swift in Sources */ = {isa = PBXBuildFile; fileRef = 0ACD9E8F2B02BF3600FE9DBA /* SceneDelegate.swift */; };
		0ACD9E942B02BF5200FE9DBA /* UIColor + ext.swift in Sources */ = {isa = PBXBuildFile; fileRef = 0ACD9E922B02BF5200FE9DBA /* UIColor + ext.swift */; };
		0ACD9E972B02BF6F00FE9DBA /* Assets.xcassets in Resources */ = {isa = PBXBuildFile; fileRef = 0ACD9E962B02BF6F00FE9DBA /* Assets.xcassets */; };
		0ACD9E9B2B02BF7900FE9DBA /* CormorantInfant-Regular.ttf in Resources */ = {isa = PBXBuildFile; fileRef = 0ACD9E9A2B02BF7900FE9DBA /* CormorantInfant-Regular.ttf */; };
		0AD9EF1F2B1C3C8A0099F0A2 /* CustomTabBarController.swift in Sources */ = {isa = PBXBuildFile; fileRef = 0AD9EF1E2B1C3C8A0099F0A2 /* CustomTabBarController.swift */; };
		0AD9EF322B2244990099F0A2 /* CartViewController.swift in Sources */ = {isa = PBXBuildFile; fileRef = 0AD9EF2C2B2244990099F0A2 /* CartViewController.swift */; };
		0AD9EF332B2244990099F0A2 /* CartModel.swift in Sources */ = {isa = PBXBuildFile; fileRef = 0AD9EF2E2B2244990099F0A2 /* CartModel.swift */; };
		0AD9EF342B2244990099F0A2 /* CartViewCell.swift in Sources */ = {isa = PBXBuildFile; fileRef = 0AD9EF302B2244990099F0A2 /* CartViewCell.swift */; };
		0AD9EF352B2244990099F0A2 /* CartView.swift in Sources */ = {isa = PBXBuildFile; fileRef = 0AD9EF312B2244990099F0A2 /* CartView.swift */; };
		0AD9EF372B2245640099F0A2 /* ProductViewController.swift in Sources */ = {isa = PBXBuildFile; fileRef = 0AD9EF362B2245640099F0A2 /* ProductViewController.swift */; };
		0AD9EF412B23090F0099F0A2 /* CategoriesViewController.swift in Sources */ = {isa = PBXBuildFile; fileRef = 0AD9EF3A2B23090F0099F0A2 /* CategoriesViewController.swift */; };
		0AD9EF422B23090F0099F0A2 /* CategoriesModel.swift in Sources */ = {isa = PBXBuildFile; fileRef = 0AD9EF3C2B23090F0099F0A2 /* CategoriesModel.swift */; };
		0AD9EF432B23090F0099F0A2 /* CategoryCustomCell.swift in Sources */ = {isa = PBXBuildFile; fileRef = 0AD9EF3E2B23090F0099F0A2 /* CategoryCustomCell.swift */; };
		0AD9EF442B23090F0099F0A2 /* CategoriesView.swift in Sources */ = {isa = PBXBuildFile; fileRef = 0AD9EF3F2B23090F0099F0A2 /* CategoriesView.swift */; };
		0AD9EF452B23090F0099F0A2 /* GradientView.swift in Sources */ = {isa = PBXBuildFile; fileRef = 0AD9EF402B23090F0099F0A2 /* GradientView.swift */; };
		0AD9EF502B2327310099F0A2 /* AccountViewController.swift in Sources */ = {isa = PBXBuildFile; fileRef = 0AD9EF4A2B2327310099F0A2 /* AccountViewController.swift */; };
		0AD9EF512B2327310099F0A2 /* AccountModel.swift in Sources */ = {isa = PBXBuildFile; fileRef = 0AD9EF4C2B2327310099F0A2 /* AccountModel.swift */; };
		0AD9EF522B2327310099F0A2 /* CustomButton.swift in Sources */ = {isa = PBXBuildFile; fileRef = 0AD9EF4E2B2327310099F0A2 /* CustomButton.swift */; };
		0AD9EF532B2327310099F0A2 /* AccountView.swift in Sources */ = {isa = PBXBuildFile; fileRef = 0AD9EF4F2B2327310099F0A2 /* AccountView.swift */; };
		0AD9EF562B232D300099F0A2 /* Kingfisher in Frameworks */ = {isa = PBXBuildFile; productRef = 0AD9EF552B232D300099F0A2 /* Kingfisher */; };
		8907818C2B24A2D600915BA7 /* HomePresenter.swift in Sources */ = {isa = PBXBuildFile; fileRef = 8907818B2B24A2D600915BA7 /* HomePresenter.swift */; };
		8920C9642B249ED80034513A /* NetworkManager.swift in Sources */ = {isa = PBXBuildFile; fileRef = 8920C9632B249ED80034513A /* NetworkManager.swift */; };
		8920C9682B249F790034513A /* APISearchModel.swift in Sources */ = {isa = PBXBuildFile; fileRef = 8920C9672B249F790034513A /* APISearchModel.swift */; };
		8920C96A2B249FA60034513A /* APIBookModel.swift in Sources */ = {isa = PBXBuildFile; fileRef = 8920C9692B249FA60034513A /* APIBookModel.swift */; };
		8920C96C2B249FCC0034513A /* RequestCreator.swift in Sources */ = {isa = PBXBuildFile; fileRef = 8920C96B2B249FCC0034513A /* RequestCreator.swift */; };
		893DC1982B1E42490055054C /* LayoutBuilder.swift in Sources */ = {isa = PBXBuildFile; fileRef = 893DC1972B1E42490055054C /* LayoutBuilder.swift */; };
		89430C772B1F0E0A00C0084A /* SectionHeader.swift in Sources */ = {isa = PBXBuildFile; fileRef = 89430C762B1F0E0A00C0084A /* SectionHeader.swift */; };
		89430C792B1F42A600C0084A /* DataBuilder.swift in Sources */ = {isa = PBXBuildFile; fileRef = 89430C782B1F42A600C0084A /* DataBuilder.swift */; };
		89430C7B2B1F576300C0084A /* CategoryCollectionViewCell.swift in Sources */ = {isa = PBXBuildFile; fileRef = 89430C7A2B1F576300C0084A /* CategoryCollectionViewCell.swift */; };
		8956F7552B1DDC48006D786E /* StackViewFactory.swift in Sources */ = {isa = PBXBuildFile; fileRef = 8956F7542B1DDC48006D786E /* StackViewFactory.swift */; };
		8956F7572B1DF351006D786E /* CollectionViewFactory.swift in Sources */ = {isa = PBXBuildFile; fileRef = 8956F7562B1DF351006D786E /* CollectionViewFactory.swift */; };
		8956F75F2B1E00D7006D786E /* UIView + ext.swift in Sources */ = {isa = PBXBuildFile; fileRef = 8956F75E2B1E00D7006D786E /* UIView + ext.swift */; };
		8956F7622B1E1902006D786E /* CustonCollectionViewCell.swift in Sources */ = {isa = PBXBuildFile; fileRef = 8956F7612B1E1902006D786E /* CustonCollectionViewCell.swift */; };
/* End PBXBuildFile section */

/* Begin PBXFileReference section */
		0A162A852AFD19AD00DF885A /* BookStore.app */ = {isa = PBXFileReference; explicitFileType = wrapper.application; includeInIndex = 0; path = BookStore.app; sourceTree = BUILT_PRODUCTS_DIR; };
		0A162A882AFD19AD00DF885A /* AppDelegate.swift */ = {isa = PBXFileReference; lastKnownFileType = sourcecode.swift; path = AppDelegate.swift; sourceTree = "<group>"; };
		0A162AAD2AFD20FA00DF885A /* HomeViewController.swift */ = {isa = PBXFileReference; fileEncoding = 4; lastKnownFileType = sourcecode.swift; path = HomeViewController.swift; sourceTree = "<group>"; };
		0A162AAF2AFD20FA00DF885A /* HomeModel.swift */ = {isa = PBXFileReference; fileEncoding = 4; lastKnownFileType = sourcecode.swift; path = HomeModel.swift; sourceTree = "<group>"; };
		0A162AB12AFD20FA00DF885A /* HomeView.swift */ = {isa = PBXFileReference; fileEncoding = 4; lastKnownFileType = sourcecode.swift; path = HomeView.swift; sourceTree = "<group>"; };
		0A162AC42AFD20FA00DF885A /* ProductModel.swift */ = {isa = PBXFileReference; fileEncoding = 4; lastKnownFileType = sourcecode.swift; path = ProductModel.swift; sourceTree = "<group>"; };
		0A162AC62AFD20FA00DF885A /* ProductView.swift */ = {isa = PBXFileReference; fileEncoding = 4; lastKnownFileType = sourcecode.swift; path = ProductView.swift; sourceTree = "<group>"; };
		0A162AD52AFD239500DF885A /* README.md */ = {isa = PBXFileReference; fileEncoding = 4; lastKnownFileType = net.daringfireball.markdown; path = README.md; sourceTree = "<group>"; };
		0ACD9E872B02BF0700FE9DBA /* WelcomeViewController.swift */ = {isa = PBXFileReference; fileEncoding = 4; lastKnownFileType = sourcecode.swift; path = WelcomeViewController.swift; sourceTree = "<group>"; };
		0ACD9E892B02BF0700FE9DBA /* WelcomeModel.swift */ = {isa = PBXFileReference; fileEncoding = 4; lastKnownFileType = sourcecode.swift; path = WelcomeModel.swift; sourceTree = "<group>"; };
		0ACD9E8B2B02BF0700FE9DBA /* WelcomeView.swift */ = {isa = PBXFileReference; fileEncoding = 4; lastKnownFileType = sourcecode.swift; path = WelcomeView.swift; sourceTree = "<group>"; };
		0ACD9E8F2B02BF3600FE9DBA /* SceneDelegate.swift */ = {isa = PBXFileReference; fileEncoding = 4; lastKnownFileType = sourcecode.swift; path = SceneDelegate.swift; sourceTree = "<group>"; };
		0ACD9E922B02BF5200FE9DBA /* UIColor + ext.swift */ = {isa = PBXFileReference; fileEncoding = 4; lastKnownFileType = sourcecode.swift; path = "UIColor + ext.swift"; sourceTree = "<group>"; };
		0ACD9E962B02BF6F00FE9DBA /* Assets.xcassets */ = {isa = PBXFileReference; lastKnownFileType = folder.assetcatalog; path = Assets.xcassets; sourceTree = "<group>"; };
		0ACD9E9A2B02BF7900FE9DBA /* CormorantInfant-Regular.ttf */ = {isa = PBXFileReference; lastKnownFileType = file; path = "CormorantInfant-Regular.ttf"; sourceTree = "<group>"; };
		0ACD9E9C2B02BF8800FE9DBA /* Info.plist */ = {isa = PBXFileReference; fileEncoding = 4; lastKnownFileType = text.plist.xml; path = Info.plist; sourceTree = "<group>"; };
		0AD9EF1E2B1C3C8A0099F0A2 /* CustomTabBarController.swift */ = {isa = PBXFileReference; fileEncoding = 4; lastKnownFileType = sourcecode.swift; path = CustomTabBarController.swift; sourceTree = "<group>"; };
		0AD9EF2C2B2244990099F0A2 /* CartViewController.swift */ = {isa = PBXFileReference; fileEncoding = 4; lastKnownFileType = sourcecode.swift; path = CartViewController.swift; sourceTree = "<group>"; };
		0AD9EF2E2B2244990099F0A2 /* CartModel.swift */ = {isa = PBXFileReference; fileEncoding = 4; lastKnownFileType = sourcecode.swift; path = CartModel.swift; sourceTree = "<group>"; };
		0AD9EF302B2244990099F0A2 /* CartViewCell.swift */ = {isa = PBXFileReference; fileEncoding = 4; lastKnownFileType = sourcecode.swift; path = CartViewCell.swift; sourceTree = "<group>"; };
		0AD9EF312B2244990099F0A2 /* CartView.swift */ = {isa = PBXFileReference; fileEncoding = 4; lastKnownFileType = sourcecode.swift; path = CartView.swift; sourceTree = "<group>"; };
		0AD9EF362B2245640099F0A2 /* ProductViewController.swift */ = {isa = PBXFileReference; fileEncoding = 4; lastKnownFileType = sourcecode.swift; path = ProductViewController.swift; sourceTree = "<group>"; };
		0AD9EF3A2B23090F0099F0A2 /* CategoriesViewController.swift */ = {isa = PBXFileReference; fileEncoding = 4; lastKnownFileType = sourcecode.swift; path = CategoriesViewController.swift; sourceTree = "<group>"; };
		0AD9EF3C2B23090F0099F0A2 /* CategoriesModel.swift */ = {isa = PBXFileReference; fileEncoding = 4; lastKnownFileType = sourcecode.swift; path = CategoriesModel.swift; sourceTree = "<group>"; };
		0AD9EF3E2B23090F0099F0A2 /* CategoryCustomCell.swift */ = {isa = PBXFileReference; fileEncoding = 4; lastKnownFileType = sourcecode.swift; path = CategoryCustomCell.swift; sourceTree = "<group>"; };
		0AD9EF3F2B23090F0099F0A2 /* CategoriesView.swift */ = {isa = PBXFileReference; fileEncoding = 4; lastKnownFileType = sourcecode.swift; path = CategoriesView.swift; sourceTree = "<group>"; };
		0AD9EF402B23090F0099F0A2 /* GradientView.swift */ = {isa = PBXFileReference; fileEncoding = 4; lastKnownFileType = sourcecode.swift; path = GradientView.swift; sourceTree = "<group>"; };
		0AD9EF4A2B2327310099F0A2 /* AccountViewController.swift */ = {isa = PBXFileReference; fileEncoding = 4; lastKnownFileType = sourcecode.swift; path = AccountViewController.swift; sourceTree = "<group>"; };
		0AD9EF4C2B2327310099F0A2 /* AccountModel.swift */ = {isa = PBXFileReference; fileEncoding = 4; lastKnownFileType = sourcecode.swift; path = AccountModel.swift; sourceTree = "<group>"; };
		0AD9EF4E2B2327310099F0A2 /* CustomButton.swift */ = {isa = PBXFileReference; fileEncoding = 4; lastKnownFileType = sourcecode.swift; path = CustomButton.swift; sourceTree = "<group>"; };
		0AD9EF4F2B2327310099F0A2 /* AccountView.swift */ = {isa = PBXFileReference; fileEncoding = 4; lastKnownFileType = sourcecode.swift; path = AccountView.swift; sourceTree = "<group>"; };
		8907818B2B24A2D600915BA7 /* HomePresenter.swift */ = {isa = PBXFileReference; lastKnownFileType = sourcecode.swift; path = HomePresenter.swift; sourceTree = "<group>"; };
		8920C9632B249ED80034513A /* NetworkManager.swift */ = {isa = PBXFileReference; lastKnownFileType = sourcecode.swift; path = NetworkManager.swift; sourceTree = "<group>"; };
		8920C9672B249F790034513A /* APISearchModel.swift */ = {isa = PBXFileReference; lastKnownFileType = sourcecode.swift; path = APISearchModel.swift; sourceTree = "<group>"; };
		8920C9692B249FA60034513A /* APIBookModel.swift */ = {isa = PBXFileReference; lastKnownFileType = sourcecode.swift; path = APIBookModel.swift; sourceTree = "<group>"; };
		8920C96B2B249FCC0034513A /* RequestCreator.swift */ = {isa = PBXFileReference; lastKnownFileType = sourcecode.swift; path = RequestCreator.swift; sourceTree = "<group>"; };
		893DC1972B1E42490055054C /* LayoutBuilder.swift */ = {isa = PBXFileReference; lastKnownFileType = sourcecode.swift; path = LayoutBuilder.swift; sourceTree = "<group>"; };
		89430C762B1F0E0A00C0084A /* SectionHeader.swift */ = {isa = PBXFileReference; lastKnownFileType = sourcecode.swift; path = SectionHeader.swift; sourceTree = "<group>"; };
		89430C782B1F42A600C0084A /* DataBuilder.swift */ = {isa = PBXFileReference; lastKnownFileType = sourcecode.swift; path = DataBuilder.swift; sourceTree = "<group>"; };
		89430C7A2B1F576300C0084A /* CategoryCollectionViewCell.swift */ = {isa = PBXFileReference; lastKnownFileType = sourcecode.swift; path = CategoryCollectionViewCell.swift; sourceTree = "<group>"; };
		8956F7542B1DDC48006D786E /* StackViewFactory.swift */ = {isa = PBXFileReference; lastKnownFileType = sourcecode.swift; path = StackViewFactory.swift; sourceTree = "<group>"; };
		8956F7562B1DF351006D786E /* CollectionViewFactory.swift */ = {isa = PBXFileReference; lastKnownFileType = sourcecode.swift; path = CollectionViewFactory.swift; sourceTree = "<group>"; };
		8956F75E2B1E00D7006D786E /* UIView + ext.swift */ = {isa = PBXFileReference; lastKnownFileType = sourcecode.swift; path = "UIView + ext.swift"; sourceTree = "<group>"; };
		8956F7612B1E1902006D786E /* CustonCollectionViewCell.swift */ = {isa = PBXFileReference; lastKnownFileType = sourcecode.swift; path = CustonCollectionViewCell.swift; sourceTree = "<group>"; };
/* End PBXFileReference section */

/* Begin PBXFrameworksBuildPhase section */
		0A162A822AFD19AD00DF885A /* Frameworks */ = {
			isa = PBXFrameworksBuildPhase;
			buildActionMask = 2147483647;
			files = (
				0AD9EF562B232D300099F0A2 /* Kingfisher in Frameworks */,
				0ACD9E7F2B01F31B00FE9DBA /* SnapKit in Frameworks */,
			);
			runOnlyForDeploymentPostprocessing = 0;
		};
/* End PBXFrameworksBuildPhase section */

/* Begin PBXGroup section */
		0A162A7C2AFD19AD00DF885A = {
			isa = PBXGroup;
			children = (
				0A162A872AFD19AD00DF885A /* BookStore */,
				0A162AD52AFD239500DF885A /* README.md */,
				0A162A862AFD19AD00DF885A /* Products */,
			);
			sourceTree = "<group>";
		};
		0A162A862AFD19AD00DF885A /* Products */ = {
			isa = PBXGroup;
			children = (
				0A162A852AFD19AD00DF885A /* BookStore.app */,
			);
			name = Products;
			sourceTree = "<group>";
		};
		0A162A872AFD19AD00DF885A /* BookStore */ = {
			isa = PBXGroup;
			children = (
				8920C9622B249EBD0034513A /* Services */,
				0A162A9C2AFD1A0600DF885A /* App */,
				0A162A9D2AFD1A6900DF885A /* Modules */,
				0ACD9E912B02BF5200FE9DBA /* Extensions */,
				0A162AAA2AFD201200DF885A /* SupportingFiles */,
			);
			path = BookStore;
			sourceTree = "<group>";
		};
		0A162A9C2AFD1A0600DF885A /* App */ = {
			isa = PBXGroup;
			children = (
				0A162A882AFD19AD00DF885A /* AppDelegate.swift */,
				0ACD9E8F2B02BF3600FE9DBA /* SceneDelegate.swift */,
			);
			path = App;
			sourceTree = "<group>";
		};
		0A162A9D2AFD1A6900DF885A /* Modules */ = {
			isa = PBXGroup;
			children = (
				0AD9EF1D2B1C3C8A0099F0A2 /* TabBar */,
				0ACD9E852B02BF0700FE9DBA /* WelcomeModule */,
				0A162AAB2AFD20FA00DF885A /* HomeModule */,
				0AD9EF382B23090F0099F0A2 /* CategoriesModule */,
				0A162AC02AFD20FA00DF885A /* ProductModule */,
				0AD9EF2A2B2244990099F0A2 /* CartModule */,
				0AD9EF482B2327310099F0A2 /* AccountModule */,
			);
			path = Modules;
			sourceTree = "<group>";
		};
		0A162AAA2AFD201200DF885A /* SupportingFiles */ = {
			isa = PBXGroup;
			children = (
				0ACD9E982B02BF7900FE9DBA /* Resources */,
				0ACD9E962B02BF6F00FE9DBA /* Assets.xcassets */,
				0ACD9E9C2B02BF8800FE9DBA /* Info.plist */,
			);
			path = SupportingFiles;
			sourceTree = "<group>";
		};
		0A162AAB2AFD20FA00DF885A /* HomeModule */ = {
			isa = PBXGroup;
			children = (
				0A162AAE2AFD20FA00DF885A /* Model */,
				0A162AB02AFD20FA00DF885A /* View */,
				0A162AAC2AFD20FA00DF885A /* Presenter */,
				8980DC372B207FC300312916 /* Helpful */,
			);
			path = HomeModule;
			sourceTree = "<group>";
		};
		0A162AAC2AFD20FA00DF885A /* Presenter */ = {
			isa = PBXGroup;
			children = (
				8907818B2B24A2D600915BA7 /* HomePresenter.swift */,
			);
			path = Presenter;
			sourceTree = "<group>";
		};
		0A162AAE2AFD20FA00DF885A /* Model */ = {
			isa = PBXGroup;
			children = (
				0A162AAF2AFD20FA00DF885A /* HomeModel.swift */,
			);
			path = Model;
			sourceTree = "<group>";
		};
		0A162AB02AFD20FA00DF885A /* View */ = {
			isa = PBXGroup;
			children = (
				0A162AB12AFD20FA00DF885A /* HomeView.swift */,
				0A162AAD2AFD20FA00DF885A /* HomeViewController.swift */,
			);
			path = View;
			sourceTree = "<group>";
		};
		0A162AC02AFD20FA00DF885A /* ProductModule */ = {
			isa = PBXGroup;
			children = (
				0A162AC32AFD20FA00DF885A /* Model */,
				0A162AC52AFD20FA00DF885A /* View */,
				0A162AC12AFD20FA00DF885A /* Controller */,
			);
			path = ProductModule;
			sourceTree = "<group>";
		};
		0A162AC12AFD20FA00DF885A /* Controller */ = {
			isa = PBXGroup;
			children = (
				0AD9EF362B2245640099F0A2 /* ProductViewController.swift */,
			);
			path = Controller;
			sourceTree = "<group>";
		};
		0A162AC32AFD20FA00DF885A /* Model */ = {
			isa = PBXGroup;
			children = (
				0A162AC42AFD20FA00DF885A /* ProductModel.swift */,
			);
			path = Model;
			sourceTree = "<group>";
		};
		0A162AC52AFD20FA00DF885A /* View */ = {
			isa = PBXGroup;
			children = (
				0A162AC62AFD20FA00DF885A /* ProductView.swift */,
			);
			path = View;
			sourceTree = "<group>";
		};
		0ACD9E852B02BF0700FE9DBA /* WelcomeModule */ = {
			isa = PBXGroup;
			children = (
				0ACD9E882B02BF0700FE9DBA /* Model */,
				0ACD9E8A2B02BF0700FE9DBA /* View */,
				0ACD9E862B02BF0700FE9DBA /* Controller */,
			);
			path = WelcomeModule;
			sourceTree = "<group>";
		};
		0ACD9E862B02BF0700FE9DBA /* Controller */ = {
			isa = PBXGroup;
			children = (
				0ACD9E872B02BF0700FE9DBA /* WelcomeViewController.swift */,
			);
			path = Controller;
			sourceTree = "<group>";
		};
		0ACD9E882B02BF0700FE9DBA /* Model */ = {
			isa = PBXGroup;
			children = (
				0ACD9E892B02BF0700FE9DBA /* WelcomeModel.swift */,
			);
			path = Model;
			sourceTree = "<group>";
		};
		0ACD9E8A2B02BF0700FE9DBA /* View */ = {
			isa = PBXGroup;
			children = (
				0ACD9E8B2B02BF0700FE9DBA /* WelcomeView.swift */,
			);
			path = View;
			sourceTree = "<group>";
		};
		0ACD9E912B02BF5200FE9DBA /* Extensions */ = {
			isa = PBXGroup;
			children = (
				0ACD9E922B02BF5200FE9DBA /* UIColor + ext.swift */,
				8956F75E2B1E00D7006D786E /* UIView + ext.swift */,
			);
			path = Extensions;
			sourceTree = "<group>";
		};
		0ACD9E982B02BF7900FE9DBA /* Resources */ = {
			isa = PBXGroup;
			children = (
				0ACD9E992B02BF7900FE9DBA /* Fonts */,
			);
			path = Resources;
			sourceTree = "<group>";
		};
		0ACD9E992B02BF7900FE9DBA /* Fonts */ = {
			isa = PBXGroup;
			children = (
				0ACD9E9A2B02BF7900FE9DBA /* CormorantInfant-Regular.ttf */,
			);
			path = Fonts;
			sourceTree = "<group>";
		};
		0AD9EF1D2B1C3C8A0099F0A2 /* TabBar */ = {
			isa = PBXGroup;
			children = (
				0AD9EF1E2B1C3C8A0099F0A2 /* CustomTabBarController.swift */,
			);
			path = TabBar;
			sourceTree = "<group>";
		};
		0AD9EF2A2B2244990099F0A2 /* CartModule */ = {
			isa = PBXGroup;
			children = (
				0AD9EF2D2B2244990099F0A2 /* Model */,
				0AD9EF2F2B2244990099F0A2 /* View */,
				0AD9EF2B2B2244990099F0A2 /* Controller */,
			);
			path = CartModule;
			sourceTree = "<group>";
		};
		0AD9EF2B2B2244990099F0A2 /* Controller */ = {
			isa = PBXGroup;
			children = (
				0AD9EF2C2B2244990099F0A2 /* CartViewController.swift */,
			);
			path = Controller;
			sourceTree = "<group>";
		};
		0AD9EF2D2B2244990099F0A2 /* Model */ = {
			isa = PBXGroup;
			children = (
				0AD9EF2E2B2244990099F0A2 /* CartModel.swift */,
			);
			path = Model;
			sourceTree = "<group>";
		};
		0AD9EF2F2B2244990099F0A2 /* View */ = {
			isa = PBXGroup;
			children = (
				0AD9EF302B2244990099F0A2 /* CartViewCell.swift */,
				0AD9EF312B2244990099F0A2 /* CartView.swift */,
			);
			path = View;
			sourceTree = "<group>";
		};
		0AD9EF382B23090F0099F0A2 /* CategoriesModule */ = {
			isa = PBXGroup;
			children = (
				0AD9EF392B23090F0099F0A2 /* Controller */,
				0AD9EF3B2B23090F0099F0A2 /* Model */,
				0AD9EF3D2B23090F0099F0A2 /* View */,
			);
			path = CategoriesModule;
			sourceTree = "<group>";
		};
		0AD9EF392B23090F0099F0A2 /* Controller */ = {
			isa = PBXGroup;
			children = (
				0AD9EF3A2B23090F0099F0A2 /* CategoriesViewController.swift */,
			);
			path = Controller;
			sourceTree = "<group>";
		};
		0AD9EF3B2B23090F0099F0A2 /* Model */ = {
			isa = PBXGroup;
			children = (
				0AD9EF3C2B23090F0099F0A2 /* CategoriesModel.swift */,
			);
			path = Model;
			sourceTree = "<group>";
		};
		0AD9EF3D2B23090F0099F0A2 /* View */ = {
			isa = PBXGroup;
			children = (
				0AD9EF3E2B23090F0099F0A2 /* CategoryCustomCell.swift */,
				0AD9EF3F2B23090F0099F0A2 /* CategoriesView.swift */,
				0AD9EF402B23090F0099F0A2 /* GradientView.swift */,
			);
			path = View;
			sourceTree = "<group>";
		};
		0AD9EF482B2327310099F0A2 /* AccountModule */ = {
			isa = PBXGroup;
			children = (
				0AD9EF492B2327310099F0A2 /* Controller */,
				0AD9EF4B2B2327310099F0A2 /* Model */,
				0AD9EF4D2B2327310099F0A2 /* View */,
			);
			path = AccountModule;
			sourceTree = "<group>";
		};
		0AD9EF492B2327310099F0A2 /* Controller */ = {
			isa = PBXGroup;
			children = (
				0AD9EF4A2B2327310099F0A2 /* AccountViewController.swift */,
			);
			path = Controller;
			sourceTree = "<group>";
		};
		0AD9EF4B2B2327310099F0A2 /* Model */ = {
			isa = PBXGroup;
			children = (
				0AD9EF4C2B2327310099F0A2 /* AccountModel.swift */,
			);
			path = Model;
			sourceTree = "<group>";
		};
		0AD9EF4D2B2327310099F0A2 /* View */ = {
			isa = PBXGroup;
			children = (
				0AD9EF4E2B2327310099F0A2 /* CustomButton.swift */,
				0AD9EF4F2B2327310099F0A2 /* AccountView.swift */,
			);
			path = View;
			sourceTree = "<group>";
		};
		8920C9622B249EBD0034513A /* Services */ = {
			isa = PBXGroup;
			children = (
				8920C9652B249EDC0034513A /* Network */,
			);
			path = Services;
			sourceTree = "<group>";
		};
		8920C9652B249EDC0034513A /* Network */ = {
			isa = PBXGroup;
			children = (
				8920C9632B249ED80034513A /* NetworkManager.swift */,
				8920C9662B249F630034513A /* APIModels */,
			);
			path = Network;
			sourceTree = "<group>";
		};
		8920C9662B249F630034513A /* APIModels */ = {
			isa = PBXGroup;
			children = (
				8920C9672B249F790034513A /* APISearchModel.swift */,
				8920C9692B249FA60034513A /* APIBookModel.swift */,
				8920C96B2B249FCC0034513A /* RequestCreator.swift */,
			);
			path = APIModels;
			sourceTree = "<group>";
		};
		893DC1962B1E422D0055054C /* Builder */ = {
			isa = PBXGroup;
			children = (
				893DC1972B1E42490055054C /* LayoutBuilder.swift */,
				89430C782B1F42A600C0084A /* DataBuilder.swift */,
			);
			path = Builder;
			sourceTree = "<group>";
		};
		8956F7592B1DF53E006D786E /* Factories */ = {
			isa = PBXGroup;
			children = (
				8956F7542B1DDC48006D786E /* StackViewFactory.swift */,
				8956F7562B1DF351006D786E /* CollectionViewFactory.swift */,
			);
			path = Factories;
			sourceTree = "<group>";
		};
		8956F7602B1E18ED006D786E /* Cell */ = {
			isa = PBXGroup;
			children = (
				8956F7612B1E1902006D786E /* CustonCollectionViewCell.swift */,
				89430C7A2B1F576300C0084A /* CategoryCollectionViewCell.swift */,
				89430C762B1F0E0A00C0084A /* SectionHeader.swift */,
			);
			path = Cell;
			sourceTree = "<group>";
		};
		8980DC372B207FC300312916 /* Helpful */ = {
			isa = PBXGroup;
			children = (
				8956F7602B1E18ED006D786E /* Cell */,
				8956F7592B1DF53E006D786E /* Factories */,
				893DC1962B1E422D0055054C /* Builder */,
			);
			path = Helpful;
			sourceTree = "<group>";
		};
/* End PBXGroup section */

/* Begin PBXNativeTarget section */
		0A162A842AFD19AD00DF885A /* BookStore */ = {
			isa = PBXNativeTarget;
			buildConfigurationList = 0A162A992AFD19AE00DF885A /* Build configuration list for PBXNativeTarget "BookStore" */;
			buildPhases = (
				0A162A812AFD19AD00DF885A /* Sources */,
				0A162A822AFD19AD00DF885A /* Frameworks */,
				0A162A832AFD19AD00DF885A /* Resources */,
			);
			buildRules = (
			);
			dependencies = (
			);
			name = BookStore;
			packageProductDependencies = (
				0ACD9E7E2B01F31B00FE9DBA /* SnapKit */,
				0AD9EF552B232D300099F0A2 /* Kingfisher */,
			);
			productName = RainbowApp;
			productReference = 0A162A852AFD19AD00DF885A /* BookStore.app */;
			productType = "com.apple.product-type.application";
		};
/* End PBXNativeTarget section */

/* Begin PBXProject section */
		0A162A7D2AFD19AD00DF885A /* Project object */ = {
			isa = PBXProject;
			attributes = {
				BuildIndependentTargetsInParallel = 1;
				LastSwiftUpdateCheck = 1500;
				LastUpgradeCheck = 1500;
				TargetAttributes = {
					0A162A842AFD19AD00DF885A = {
						CreatedOnToolsVersion = 15.0;
					};
				};
			};
			buildConfigurationList = 0A162A802AFD19AD00DF885A /* Build configuration list for PBXProject "BookStore" */;
			compatibilityVersion = "Xcode 14.0";
			developmentRegion = en;
			hasScannedForEncodings = 0;
			knownRegions = (
				en,
				Base,
			);
			mainGroup = 0A162A7C2AFD19AD00DF885A;
			packageReferences = (
				0ACD9E7D2B01F31B00FE9DBA /* XCRemoteSwiftPackageReference "SnapKit" */,
				0AD9EF542B232D300099F0A2 /* XCRemoteSwiftPackageReference "Kingfisher" */,
			);
			productRefGroup = 0A162A862AFD19AD00DF885A /* Products */;
			projectDirPath = "";
			projectRoot = "";
			targets = (
				0A162A842AFD19AD00DF885A /* BookStore */,
			);
		};
/* End PBXProject section */

/* Begin PBXResourcesBuildPhase section */
		0A162A832AFD19AD00DF885A /* Resources */ = {
			isa = PBXResourcesBuildPhase;
			buildActionMask = 2147483647;
			files = (
				0ACD9E9B2B02BF7900FE9DBA /* CormorantInfant-Regular.ttf in Resources */,
				0ACD9E972B02BF6F00FE9DBA /* Assets.xcassets in Resources */,
				0A162AD62AFD239500DF885A /* README.md in Resources */,
			);
			runOnlyForDeploymentPostprocessing = 0;
		};
/* End PBXResourcesBuildPhase section */

/* Begin PBXSourcesBuildPhase section */
		0A162A812AFD19AD00DF885A /* Sources */ = {
			isa = PBXSourcesBuildPhase;
			buildActionMask = 2147483647;
			files = (
				8956F75F2B1E00D7006D786E /* UIView + ext.swift in Sources */,
				89430C772B1F0E0A00C0084A /* SectionHeader.swift in Sources */,
				0AD9EF452B23090F0099F0A2 /* GradientView.swift in Sources */,
				0ACD9E902B02BF3600FE9DBA /* SceneDelegate.swift in Sources */,
				0AD9EF332B2244990099F0A2 /* CartModel.swift in Sources */,
				8920C9642B249ED80034513A /* NetworkManager.swift in Sources */,
				89430C7B2B1F576300C0084A /* CategoryCollectionViewCell.swift in Sources */,
				0AD9EF412B23090F0099F0A2 /* CategoriesViewController.swift in Sources */,
				0AD9EF502B2327310099F0A2 /* AccountViewController.swift in Sources */,
				0AD9EF1F2B1C3C8A0099F0A2 /* CustomTabBarController.swift in Sources */,
				0ACD9E8E2B02BF0700FE9DBA /* WelcomeView.swift in Sources */,
				8920C96C2B249FCC0034513A /* RequestCreator.swift in Sources */,
				8920C9682B249F790034513A /* APISearchModel.swift in Sources */,
				0AD9EF352B2244990099F0A2 /* CartView.swift in Sources */,
				0AD9EF512B2327310099F0A2 /* AccountModel.swift in Sources */,
				0ACD9E942B02BF5200FE9DBA /* UIColor + ext.swift in Sources */,
				0ACD9E8D2B02BF0700FE9DBA /* WelcomeModel.swift in Sources */,
				0A162AC72AFD20FA00DF885A /* HomeViewController.swift in Sources */,
				0AD9EF372B2245640099F0A2 /* ProductViewController.swift in Sources */,
				0AD9EF342B2244990099F0A2 /* CartViewCell.swift in Sources */,
				0AD9EF422B23090F0099F0A2 /* CategoriesModel.swift in Sources */,
				8920C96A2B249FA60034513A /* APIBookModel.swift in Sources */,
				0AD9EF442B23090F0099F0A2 /* CategoriesView.swift in Sources */,
				8956F7622B1E1902006D786E /* CustonCollectionViewCell.swift in Sources */,
				0AD9EF532B2327310099F0A2 /* AccountView.swift in Sources */,
				8956F7552B1DDC48006D786E /* StackViewFactory.swift in Sources */,
				0ACD9E8C2B02BF0700FE9DBA /* WelcomeViewController.swift in Sources */,
				8956F7572B1DF351006D786E /* CollectionViewFactory.swift in Sources */,
				0AD9EF322B2244990099F0A2 /* CartViewController.swift in Sources */,
				0A162A892AFD19AD00DF885A /* AppDelegate.swift in Sources */,
				0A162AC82AFD20FA00DF885A /* HomeModel.swift in Sources */,
				89430C792B1F42A600C0084A /* DataBuilder.swift in Sources */,
				0AD9EF432B23090F0099F0A2 /* CategoryCustomCell.swift in Sources */,
				0A162AC92AFD20FA00DF885A /* HomeView.swift in Sources */,
				0AD9EF522B2327310099F0A2 /* CustomButton.swift in Sources */,
				0A162AD22AFD20FA00DF885A /* ProductView.swift in Sources */,
				8907818C2B24A2D600915BA7 /* HomePresenter.swift in Sources */,
				0A162AD12AFD20FA00DF885A /* ProductModel.swift in Sources */,
				893DC1982B1E42490055054C /* LayoutBuilder.swift in Sources */,
			);
			runOnlyForDeploymentPostprocessing = 0;
		};
/* End PBXSourcesBuildPhase section */

/* Begin XCBuildConfiguration section */
		0A162A972AFD19AE00DF885A /* Debug */ = {
			isa = XCBuildConfiguration;
			buildSettings = {
				ALWAYS_SEARCH_USER_PATHS = NO;
				ASSETCATALOG_COMPILER_GENERATE_SWIFT_ASSET_SYMBOL_EXTENSIONS = YES;
				CLANG_ANALYZER_NONNULL = YES;
				CLANG_ANALYZER_NUMBER_OBJECT_CONVERSION = YES_AGGRESSIVE;
				CLANG_CXX_LANGUAGE_STANDARD = "gnu++20";
				CLANG_ENABLE_MODULES = YES;
				CLANG_ENABLE_OBJC_ARC = YES;
				CLANG_ENABLE_OBJC_WEAK = YES;
				CLANG_WARN_BLOCK_CAPTURE_AUTORELEASING = YES;
				CLANG_WARN_BOOL_CONVERSION = YES;
				CLANG_WARN_COMMA = YES;
				CLANG_WARN_CONSTANT_CONVERSION = YES;
				CLANG_WARN_DEPRECATED_OBJC_IMPLEMENTATIONS = YES;
				CLANG_WARN_DIRECT_OBJC_ISA_USAGE = YES_ERROR;
				CLANG_WARN_DOCUMENTATION_COMMENTS = YES;
				CLANG_WARN_EMPTY_BODY = YES;
				CLANG_WARN_ENUM_CONVERSION = YES;
				CLANG_WARN_INFINITE_RECURSION = YES;
				CLANG_WARN_INT_CONVERSION = YES;
				CLANG_WARN_NON_LITERAL_NULL_CONVERSION = YES;
				CLANG_WARN_OBJC_IMPLICIT_RETAIN_SELF = YES;
				CLANG_WARN_OBJC_LITERAL_CONVERSION = YES;
				CLANG_WARN_OBJC_ROOT_CLASS = YES_ERROR;
				CLANG_WARN_QUOTED_INCLUDE_IN_FRAMEWORK_HEADER = YES;
				CLANG_WARN_RANGE_LOOP_ANALYSIS = YES;
				CLANG_WARN_STRICT_PROTOTYPES = YES;
				CLANG_WARN_SUSPICIOUS_MOVE = YES;
				CLANG_WARN_UNGUARDED_AVAILABILITY = YES_AGGRESSIVE;
				CLANG_WARN_UNREACHABLE_CODE = YES;
				CLANG_WARN__DUPLICATE_METHOD_MATCH = YES;
				COPY_PHASE_STRIP = NO;
				DEBUG_INFORMATION_FORMAT = dwarf;
				ENABLE_STRICT_OBJC_MSGSEND = YES;
				ENABLE_TESTABILITY = YES;
				ENABLE_USER_SCRIPT_SANDBOXING = YES;
				GCC_C_LANGUAGE_STANDARD = gnu17;
				GCC_DYNAMIC_NO_PIC = NO;
				GCC_NO_COMMON_BLOCKS = YES;
				GCC_OPTIMIZATION_LEVEL = 0;
				GCC_PREPROCESSOR_DEFINITIONS = (
					"DEBUG=1",
					"$(inherited)",
				);
				GCC_WARN_64_TO_32_BIT_CONVERSION = YES;
				GCC_WARN_ABOUT_RETURN_TYPE = YES_ERROR;
				GCC_WARN_UNDECLARED_SELECTOR = YES;
				GCC_WARN_UNINITIALIZED_AUTOS = YES_AGGRESSIVE;
				GCC_WARN_UNUSED_FUNCTION = YES;
				GCC_WARN_UNUSED_VARIABLE = YES;
				IPHONEOS_DEPLOYMENT_TARGET = 15.0;
				LOCALIZATION_PREFERS_STRING_CATALOGS = YES;
				MTL_ENABLE_DEBUG_INFO = INCLUDE_SOURCE;
				MTL_FAST_MATH = YES;
				ONLY_ACTIVE_ARCH = YES;
				SDKROOT = iphoneos;
				SWIFT_ACTIVE_COMPILATION_CONDITIONS = "DEBUG $(inherited)";
				SWIFT_OPTIMIZATION_LEVEL = "-Onone";
			};
			name = Debug;
		};
		0A162A982AFD19AE00DF885A /* Release */ = {
			isa = XCBuildConfiguration;
			buildSettings = {
				ALWAYS_SEARCH_USER_PATHS = NO;
				ASSETCATALOG_COMPILER_GENERATE_SWIFT_ASSET_SYMBOL_EXTENSIONS = YES;
				CLANG_ANALYZER_NONNULL = YES;
				CLANG_ANALYZER_NUMBER_OBJECT_CONVERSION = YES_AGGRESSIVE;
				CLANG_CXX_LANGUAGE_STANDARD = "gnu++20";
				CLANG_ENABLE_MODULES = YES;
				CLANG_ENABLE_OBJC_ARC = YES;
				CLANG_ENABLE_OBJC_WEAK = YES;
				CLANG_WARN_BLOCK_CAPTURE_AUTORELEASING = YES;
				CLANG_WARN_BOOL_CONVERSION = YES;
				CLANG_WARN_COMMA = YES;
				CLANG_WARN_CONSTANT_CONVERSION = YES;
				CLANG_WARN_DEPRECATED_OBJC_IMPLEMENTATIONS = YES;
				CLANG_WARN_DIRECT_OBJC_ISA_USAGE = YES_ERROR;
				CLANG_WARN_DOCUMENTATION_COMMENTS = YES;
				CLANG_WARN_EMPTY_BODY = YES;
				CLANG_WARN_ENUM_CONVERSION = YES;
				CLANG_WARN_INFINITE_RECURSION = YES;
				CLANG_WARN_INT_CONVERSION = YES;
				CLANG_WARN_NON_LITERAL_NULL_CONVERSION = YES;
				CLANG_WARN_OBJC_IMPLICIT_RETAIN_SELF = YES;
				CLANG_WARN_OBJC_LITERAL_CONVERSION = YES;
				CLANG_WARN_OBJC_ROOT_CLASS = YES_ERROR;
				CLANG_WARN_QUOTED_INCLUDE_IN_FRAMEWORK_HEADER = YES;
				CLANG_WARN_RANGE_LOOP_ANALYSIS = YES;
				CLANG_WARN_STRICT_PROTOTYPES = YES;
				CLANG_WARN_SUSPICIOUS_MOVE = YES;
				CLANG_WARN_UNGUARDED_AVAILABILITY = YES_AGGRESSIVE;
				CLANG_WARN_UNREACHABLE_CODE = YES;
				CLANG_WARN__DUPLICATE_METHOD_MATCH = YES;
				COPY_PHASE_STRIP = NO;
				DEBUG_INFORMATION_FORMAT = "dwarf-with-dsym";
				ENABLE_NS_ASSERTIONS = NO;
				ENABLE_STRICT_OBJC_MSGSEND = YES;
				ENABLE_USER_SCRIPT_SANDBOXING = YES;
				GCC_C_LANGUAGE_STANDARD = gnu17;
				GCC_NO_COMMON_BLOCKS = YES;
				GCC_WARN_64_TO_32_BIT_CONVERSION = YES;
				GCC_WARN_ABOUT_RETURN_TYPE = YES_ERROR;
				GCC_WARN_UNDECLARED_SELECTOR = YES;
				GCC_WARN_UNINITIALIZED_AUTOS = YES_AGGRESSIVE;
				GCC_WARN_UNUSED_FUNCTION = YES;
				GCC_WARN_UNUSED_VARIABLE = YES;
				IPHONEOS_DEPLOYMENT_TARGET = 15.0;
				LOCALIZATION_PREFERS_STRING_CATALOGS = YES;
				MTL_ENABLE_DEBUG_INFO = NO;
				MTL_FAST_MATH = YES;
				SDKROOT = iphoneos;
				SWIFT_COMPILATION_MODE = wholemodule;
				VALIDATE_PRODUCT = YES;
			};
			name = Release;
		};
		0A162A9A2AFD19AE00DF885A /* Debug */ = {
			isa = XCBuildConfiguration;
			buildSettings = {
				ASSETCATALOG_COMPILER_APPICON_NAME = AppIcon;
				ASSETCATALOG_COMPILER_GLOBAL_ACCENT_COLOR_NAME = AccentColor;
				CODE_SIGN_STYLE = Automatic;
				CURRENT_PROJECT_VERSION = 1;
				DEVELOPMENT_TEAM = 7WN4BA2YG3;
				GENERATE_INFOPLIST_FILE = YES;
				INFOPLIST_FILE = Bookstore/SupportingFiles/Info.plist;
				INFOPLIST_KEY_UIApplicationSupportsIndirectInputEvents = YES;
				INFOPLIST_KEY_UILaunchStoryboardName = LaunchScreen;
				INFOPLIST_KEY_UISupportedInterfaceOrientations = UIInterfaceOrientationPortrait;
				INFOPLIST_KEY_UISupportedInterfaceOrientations_iPad = "UIInterfaceOrientationLandscapeLeft UIInterfaceOrientationLandscapeRight UIInterfaceOrientationPortrait UIInterfaceOrientationPortraitUpsideDown";
				IPHONEOS_DEPLOYMENT_TARGET = 15.0;
				LD_RUNPATH_SEARCH_PATHS = (
					"$(inherited)",
					"@executable_path/Frameworks",
				);
				MARKETING_VERSION = 1.0;
				PRODUCT_BUNDLE_IDENTIFIER = com.zmey666.BookStore;
				PRODUCT_NAME = "$(TARGET_NAME)";
				SUPPORTED_PLATFORMS = "iphoneos iphonesimulator";
				SUPPORTS_MACCATALYST = NO;
				SUPPORTS_MAC_DESIGNED_FOR_IPHONE_IPAD = NO;
				SWIFT_EMIT_LOC_STRINGS = YES;
				SWIFT_VERSION = 5.0;
				TARGETED_DEVICE_FAMILY = 1;
			};
			name = Debug;
		};
		0A162A9B2AFD19AE00DF885A /* Release */ = {
			isa = XCBuildConfiguration;
			buildSettings = {
				ASSETCATALOG_COMPILER_APPICON_NAME = AppIcon;
				ASSETCATALOG_COMPILER_GLOBAL_ACCENT_COLOR_NAME = AccentColor;
				CODE_SIGN_STYLE = Automatic;
				CURRENT_PROJECT_VERSION = 1;
				DEVELOPMENT_TEAM = 7WN4BA2YG3;
				GENERATE_INFOPLIST_FILE = YES;
				INFOPLIST_FILE = Bookstore/SupportingFiles/Info.plist;
				INFOPLIST_KEY_UIApplicationSupportsIndirectInputEvents = YES;
				INFOPLIST_KEY_UILaunchStoryboardName = LaunchScreen;
				INFOPLIST_KEY_UISupportedInterfaceOrientations = UIInterfaceOrientationPortrait;
				INFOPLIST_KEY_UISupportedInterfaceOrientations_iPad = "UIInterfaceOrientationLandscapeLeft UIInterfaceOrientationLandscapeRight UIInterfaceOrientationPortrait UIInterfaceOrientationPortraitUpsideDown";
				IPHONEOS_DEPLOYMENT_TARGET = 15.0;
				LD_RUNPATH_SEARCH_PATHS = (
					"$(inherited)",
					"@executable_path/Frameworks",
				);
				MARKETING_VERSION = 1.0;
				PRODUCT_BUNDLE_IDENTIFIER = com.zmey666.BookStore;
				PRODUCT_NAME = "$(TARGET_NAME)";
				SUPPORTED_PLATFORMS = "iphoneos iphonesimulator";
				SUPPORTS_MACCATALYST = NO;
				SUPPORTS_MAC_DESIGNED_FOR_IPHONE_IPAD = NO;
				SWIFT_EMIT_LOC_STRINGS = YES;
				SWIFT_VERSION = 5.0;
				TARGETED_DEVICE_FAMILY = 1;
			};
			name = Release;
		};
/* End XCBuildConfiguration section */

/* Begin XCConfigurationList section */
		0A162A802AFD19AD00DF885A /* Build configuration list for PBXProject "BookStore" */ = {
			isa = XCConfigurationList;
			buildConfigurations = (
				0A162A972AFD19AE00DF885A /* Debug */,
				0A162A982AFD19AE00DF885A /* Release */,
			);
			defaultConfigurationIsVisible = 0;
			defaultConfigurationName = Release;
		};
		0A162A992AFD19AE00DF885A /* Build configuration list for PBXNativeTarget "BookStore" */ = {
			isa = XCConfigurationList;
			buildConfigurations = (
				0A162A9A2AFD19AE00DF885A /* Debug */,
				0A162A9B2AFD19AE00DF885A /* Release */,
			);
			defaultConfigurationIsVisible = 0;
			defaultConfigurationName = Release;
		};
/* End XCConfigurationList section */

/* Begin XCRemoteSwiftPackageReference section */
		0ACD9E7D2B01F31B00FE9DBA /* XCRemoteSwiftPackageReference "SnapKit" */ = {
			isa = XCRemoteSwiftPackageReference;
			repositoryURL = "https://github.com/SnapKit/SnapKit";
			requirement = {
				kind = upToNextMajorVersion;
				minimumVersion = 5.6.0;
			};
		};
		0AD9EF542B232D300099F0A2 /* XCRemoteSwiftPackageReference "Kingfisher" */ = {
			isa = XCRemoteSwiftPackageReference;
			repositoryURL = "https://github.com/onevcat/Kingfisher";
			requirement = {
				kind = upToNextMajorVersion;
				minimumVersion = 7.10.0;
			};
		};
/* End XCRemoteSwiftPackageReference section */

/* Begin XCSwiftPackageProductDependency section */
		0ACD9E7E2B01F31B00FE9DBA /* SnapKit */ = {
			isa = XCSwiftPackageProductDependency;
			package = 0ACD9E7D2B01F31B00FE9DBA /* XCRemoteSwiftPackageReference "SnapKit" */;
			productName = SnapKit;
		};
		0AD9EF552B232D300099F0A2 /* Kingfisher */ = {
			isa = XCSwiftPackageProductDependency;
			package = 0AD9EF542B232D300099F0A2 /* XCRemoteSwiftPackageReference "Kingfisher" */;
			productName = Kingfisher;
		};
/* End XCSwiftPackageProductDependency section */
	};
	rootObject = 0A162A7D2AFD19AD00DF885A /* Project object */;
}
